
Microsoft Visual Studio Solution File, Format Version 12.00
# Visual Studio Version 17
VisualStudioVersion = 17.10.34814.14
MinimumVisualStudioVersion = 10.0.40219.1
Project("{9A19103F-16F7-4668-BE54-9A1E7A4F7556}") = "TheMovieDbWebApp", "TheMovieDbWebApp\TheMovieDbWebApp.csproj", "{A479D4E1-306D-4D0F-A67C-93CEBCF58375}"
EndProject
Project("{9A19103F-16F7-4668-BE54-9A1E7A4F7556}") = "TheMovieDb.Shared", "TheMovieDb.Shared\TheMovieDb.Shared.csproj", "{713344F5-53E2-42EE-964E-928CDA5F2C8B}"
EndProject
Global
	GlobalSection(SolutionConfigurationPlatforms) = preSolution
		Debug|Any CPU = Debug|Any CPU
		Release|Any CPU = Release|Any CPU
	EndGlobalSection
	GlobalSection(ProjectConfigurationPlatforms) = postSolution
		{A479D4E1-306D-4D0F-A67C-93CEBCF58375}.Debug|Any CPU.ActiveCfg = Debug|Any CPU
		{A479D4E1-306D-4D0F-A67C-93CEBCF58375}.Debug|Any CPU.Build.0 = Debug|Any CPU
		{A479D4E1-306D-4D0F-A67C-93CEBCF58375}.Release|Any CPU.ActiveCfg = Release|Any CPU
		{A479D4E1-306D-4D0F-A67C-93CEBCF58375}.Release|Any CPU.Build.0 = Release|Any CPU
		{713344F5-53E2-42EE-964E-928CDA5F2C8B}.Debug|Any CPU.ActiveCfg = Debug|Any CPU
		{713344F5-53E2-42EE-964E-928CDA5F2C8B}.Debug|Any CPU.Build.0 = Debug|Any CPU
		{713344F5-53E2-42EE-964E-928CDA5F2C8B}.Release|Any CPU.ActiveCfg = Release|Any CPU
		{713344F5-53E2-42EE-964E-928CDA5F2C8B}.Release|Any CPU.Build.0 = Release|Any CPU
	EndGlobalSection
	GlobalSection(SolutionProperties) = preSolution
		HideSolutionNode = FALSE
	EndGlobalSection
	GlobalSection(ExtensibilityGlobals) = postSolution
		SolutionGuid = {254D71B5-560F-4FA5-BFEB-544623CBE867}
	EndGlobalSection
EndGlobal
